// !$*UTF8*$!
{
	archiveVersion = 1;
	classes = {
	};
	objectVersion = 46;
	objects = {

/* Begin PBXBuildFile section */
		450D64091B165619001E0AA5 /* AccountsController.swift in Sources */ = {isa = PBXBuildFile; fileRef = 450D64081B165619001E0AA5 /* AccountsController.swift */; };
		450D640C1B1665DA001E0AA5 /* AccountRow.swift in Sources */ = {isa = PBXBuildFile; fileRef = 450D640B1B1665DA001E0AA5 /* AccountRow.swift */; };
		450D640E1B167F76001E0AA5 /* Infinitweet.swift in Sources */ = {isa = PBXBuildFile; fileRef = 450D640D1B167F76001E0AA5 /* Infinitweet.swift */; };
		450D64101B18B831001E0AA5 /* AlertController.swift in Sources */ = {isa = PBXBuildFile; fileRef = 450D640F1B18B831001E0AA5 /* AlertController.swift */; };
		4520F3D01B543FFA0018BBB0 /* PreviewController.swift in Sources */ = {isa = PBXBuildFile; fileRef = 4520F3CF1B543FFA0018BBB0 /* PreviewController.swift */; };
		45D0DFC11B03A15C00E78D09 /* AppDelegate.swift in Sources */ = {isa = PBXBuildFile; fileRef = 45D0DFC01B03A15C00E78D09 /* AppDelegate.swift */; };
		45D0DFC31B03A15C00E78D09 /* ViewController.swift in Sources */ = {isa = PBXBuildFile; fileRef = 45D0DFC21B03A15C00E78D09 /* ViewController.swift */; };
		45D0DFC61B03A15C00E78D09 /* Main.storyboard in Resources */ = {isa = PBXBuildFile; fileRef = 45D0DFC41B03A15C00E78D09 /* Main.storyboard */; };
		45D0DFC81B03A15C00E78D09 /* Images.xcassets in Resources */ = {isa = PBXBuildFile; fileRef = 45D0DFC71B03A15C00E78D09 /* Images.xcassets */; };
		45D0DFCB1B03A15C00E78D09 /* LaunchScreen.xib in Resources */ = {isa = PBXBuildFile; fileRef = 45D0DFC91B03A15C00E78D09 /* LaunchScreen.xib */; };
		45D0DFD71B03A15C00E78D09 /* InfinitweetTests.swift in Sources */ = {isa = PBXBuildFile; fileRef = 45D0DFD61B03A15C00E78D09 /* InfinitweetTests.swift */; };
		45D0DFE91B03AB1B00E78D09 /* InterfaceController.swift in Sources */ = {isa = PBXBuildFile; fileRef = 45D0DFE81B03AB1B00E78D09 /* InterfaceController.swift */; };
		45D0DFEB1B03AB1B00E78D09 /* Images.xcassets in Resources */ = {isa = PBXBuildFile; fileRef = 45D0DFEA1B03AB1B00E78D09 /* Images.xcassets */; };
		45D0DFEF1B03AB1B00E78D09 /* Infinitweet WatchKit App.app in Resources */ = {isa = PBXBuildFile; fileRef = 45D0DFEE1B03AB1B00E78D09 /* Infinitweet WatchKit App.app */; };
		45D0DFF71B03AB1B00E78D09 /* Interface.storyboard in Resources */ = {isa = PBXBuildFile; fileRef = 45D0DFF51B03AB1B00E78D09 /* Interface.storyboard */; };
		45D0DFF91B03AB1B00E78D09 /* Images.xcassets in Resources */ = {isa = PBXBuildFile; fileRef = 45D0DFF81B03AB1B00E78D09 /* Images.xcassets */; };
		45D0DFFC1B03AB1B00E78D09 /* Infinitweet WatchKit Extension.appex in Embed App Extensions */ = {isa = PBXBuildFile; fileRef = 45D0DFE41B03AB1B00E78D09 /* Infinitweet WatchKit Extension.appex */; settings = {ATTRIBUTES = (RemoveHeadersOnCopy, ); }; };
/* End PBXBuildFile section */

/* Begin PBXContainerItemProxy section */
		45D0DFD11B03A15C00E78D09 /* PBXContainerItemProxy */ = {
			isa = PBXContainerItemProxy;
			containerPortal = 45D0DFB31B03A15C00E78D09 /* Project object */;
			proxyType = 1;
			remoteGlobalIDString = 45D0DFBA1B03A15C00E78D09;
			remoteInfo = Infinitweet;
		};
		45D0DFF01B03AB1B00E78D09 /* PBXContainerItemProxy */ = {
			isa = PBXContainerItemProxy;
			containerPortal = 45D0DFB31B03A15C00E78D09 /* Project object */;
			proxyType = 1;
			remoteGlobalIDString = 45D0DFED1B03AB1B00E78D09;
			remoteInfo = "Infinitweet WatchKit App";
		};
		45D0DFFA1B03AB1B00E78D09 /* PBXContainerItemProxy */ = {
			isa = PBXContainerItemProxy;
			containerPortal = 45D0DFB31B03A15C00E78D09 /* Project object */;
			proxyType = 1;
			remoteGlobalIDString = 45D0DFE31B03AB1B00E78D09;
			remoteInfo = "Infinitweet WatchKit Extension";
		};
/* End PBXContainerItemProxy section */

/* Begin PBXCopyFilesBuildPhase section */
		45D0E0031B03AB1B00E78D09 /* Embed App Extensions */ = {
			isa = PBXCopyFilesBuildPhase;
			buildActionMask = 2147483647;
			dstPath = "";
			dstSubfolderSpec = 13;
			files = (
				45D0DFFC1B03AB1B00E78D09 /* Infinitweet WatchKit Extension.appex in Embed App Extensions */,
			);
			name = "Embed App Extensions";
			runOnlyForDeploymentPostprocessing = 0;
		};
/* End PBXCopyFilesBuildPhase section */

/* Begin PBXFileReference section */
		450D64081B165619001E0AA5 /* AccountsController.swift */ = {isa = PBXFileReference; fileEncoding = 4; lastKnownFileType = sourcecode.swift; path = AccountsController.swift; sourceTree = "<group>"; };
		450D640B1B1665DA001E0AA5 /* AccountRow.swift */ = {isa = PBXFileReference; fileEncoding = 4; lastKnownFileType = sourcecode.swift; path = AccountRow.swift; sourceTree = "<group>"; };
		450D640D1B167F76001E0AA5 /* Infinitweet.swift */ = {isa = PBXFileReference; fileEncoding = 4; lastKnownFileType = sourcecode.swift; path = Infinitweet.swift; sourceTree = "<group>"; };
		450D640F1B18B831001E0AA5 /* AlertController.swift */ = {isa = PBXFileReference; fileEncoding = 4; lastKnownFileType = sourcecode.swift; path = AlertController.swift; sourceTree = "<group>"; };
		4520F3CF1B543FFA0018BBB0 /* PreviewController.swift */ = {isa = PBXFileReference; fileEncoding = 4; lastKnownFileType = sourcecode.swift; path = PreviewController.swift; sourceTree = "<group>"; };
		45D0DFBB1B03A15C00E78D09 /* Infinitweet.app */ = {isa = PBXFileReference; explicitFileType = wrapper.application; includeInIndex = 0; path = Infinitweet.app; sourceTree = BUILT_PRODUCTS_DIR; };
		45D0DFBF1B03A15C00E78D09 /* Info.plist */ = {isa = PBXFileReference; lastKnownFileType = text.plist.xml; path = Info.plist; sourceTree = "<group>"; };
		45D0DFC01B03A15C00E78D09 /* AppDelegate.swift */ = {isa = PBXFileReference; lastKnownFileType = sourcecode.swift; path = AppDelegate.swift; sourceTree = "<group>"; };
		45D0DFC21B03A15C00E78D09 /* ViewController.swift */ = {isa = PBXFileReference; lastKnownFileType = sourcecode.swift; path = ViewController.swift; sourceTree = "<group>"; };
		45D0DFC51B03A15C00E78D09 /* Base */ = {isa = PBXFileReference; lastKnownFileType = file.storyboard; name = Base; path = Base.lproj/Main.storyboard; sourceTree = "<group>"; };
		45D0DFC71B03A15C00E78D09 /* Images.xcassets */ = {isa = PBXFileReference; lastKnownFileType = folder.assetcatalog; path = Images.xcassets; sourceTree = "<group>"; };
		45D0DFCA1B03A15C00E78D09 /* Base */ = {isa = PBXFileReference; lastKnownFileType = file.xib; name = Base; path = Base.lproj/LaunchScreen.xib; sourceTree = "<group>"; };
		45D0DFD01B03A15C00E78D09 /* InfinitweetTests.xctest */ = {isa = PBXFileReference; explicitFileType = wrapper.cfbundle; includeInIndex = 0; path = InfinitweetTests.xctest; sourceTree = BUILT_PRODUCTS_DIR; };
		45D0DFD51B03A15C00E78D09 /* Info.plist */ = {isa = PBXFileReference; lastKnownFileType = text.plist.xml; path = Info.plist; sourceTree = "<group>"; };
		45D0DFD61B03A15C00E78D09 /* InfinitweetTests.swift */ = {isa = PBXFileReference; lastKnownFileType = sourcecode.swift; path = InfinitweetTests.swift; sourceTree = "<group>"; };
		45D0DFE41B03AB1B00E78D09 /* Infinitweet WatchKit Extension.appex */ = {isa = PBXFileReference; explicitFileType = "wrapper.app-extension"; includeInIndex = 0; path = "Infinitweet WatchKit Extension.appex"; sourceTree = BUILT_PRODUCTS_DIR; };
		45D0DFE71B03AB1B00E78D09 /* Info.plist */ = {isa = PBXFileReference; lastKnownFileType = text.plist.xml; path = Info.plist; sourceTree = "<group>"; };
		45D0DFE81B03AB1B00E78D09 /* InterfaceController.swift */ = {isa = PBXFileReference; lastKnownFileType = sourcecode.swift; path = InterfaceController.swift; sourceTree = "<group>"; };
		45D0DFEA1B03AB1B00E78D09 /* Images.xcassets */ = {isa = PBXFileReference; lastKnownFileType = folder.assetcatalog; path = Images.xcassets; sourceTree = "<group>"; };
		45D0DFEE1B03AB1B00E78D09 /* Infinitweet WatchKit App.app */ = {isa = PBXFileReference; explicitFileType = wrapper.application; includeInIndex = 0; path = "Infinitweet WatchKit App.app"; sourceTree = BUILT_PRODUCTS_DIR; };
		45D0DFF41B03AB1B00E78D09 /* Info.plist */ = {isa = PBXFileReference; lastKnownFileType = text.plist.xml; path = Info.plist; sourceTree = "<group>"; };
		45D0DFF61B03AB1B00E78D09 /* Base */ = {isa = PBXFileReference; lastKnownFileType = file.storyboard; name = Base; path = Base.lproj/Interface.storyboard; sourceTree = "<group>"; };
		45D0DFF81B03AB1B00E78D09 /* Images.xcassets */ = {isa = PBXFileReference; lastKnownFileType = folder.assetcatalog; path = Images.xcassets; sourceTree = "<group>"; };
/* End PBXFileReference section */

/* Begin PBXFrameworksBuildPhase section */
		45D0DFB81B03A15C00E78D09 /* Frameworks */ = {
			isa = PBXFrameworksBuildPhase;
			buildActionMask = 2147483647;
			files = (
			);
			runOnlyForDeploymentPostprocessing = 0;
		};
		45D0DFCD1B03A15C00E78D09 /* Frameworks */ = {
			isa = PBXFrameworksBuildPhase;
			buildActionMask = 2147483647;
			files = (
			);
			runOnlyForDeploymentPostprocessing = 0;
		};
		45D0DFE11B03AB1B00E78D09 /* Frameworks */ = {
			isa = PBXFrameworksBuildPhase;
			buildActionMask = 2147483647;
			files = (
			);
			runOnlyForDeploymentPostprocessing = 0;
		};
/* End PBXFrameworksBuildPhase section */

/* Begin PBXGroup section */
		45D0DFB21B03A15C00E78D09 = {
			isa = PBXGroup;
			children = (
				45D0DFBD1B03A15C00E78D09 /* Infinitweet */,
				45D0DFD31B03A15C00E78D09 /* InfinitweetTests */,
				45D0DFE51B03AB1B00E78D09 /* Infinitweet WatchKit Extension */,
				45D0DFF21B03AB1B00E78D09 /* Infinitweet WatchKit App */,
				45D0DFBC1B03A15C00E78D09 /* Products */,
			);
			sourceTree = "<group>";
		};
		45D0DFBC1B03A15C00E78D09 /* Products */ = {
			isa = PBXGroup;
			children = (
				45D0DFBB1B03A15C00E78D09 /* Infinitweet.app */,
				45D0DFD01B03A15C00E78D09 /* InfinitweetTests.xctest */,
				45D0DFE41B03AB1B00E78D09 /* Infinitweet WatchKit Extension.appex */,
				45D0DFEE1B03AB1B00E78D09 /* Infinitweet WatchKit App.app */,
			);
			name = Products;
			sourceTree = "<group>";
		};
		45D0DFBD1B03A15C00E78D09 /* Infinitweet */ = {
			isa = PBXGroup;
			children = (
				45D0DFC01B03A15C00E78D09 /* AppDelegate.swift */,
				45D0DFC21B03A15C00E78D09 /* ViewController.swift */,
				45D0DFC41B03A15C00E78D09 /* Main.storyboard */,
				45D0DFC71B03A15C00E78D09 /* Images.xcassets */,
				45D0DFC91B03A15C00E78D09 /* LaunchScreen.xib */,
				45D0DFBE1B03A15C00E78D09 /* Supporting Files */,
			);
			path = Infinitweet;
			sourceTree = "<group>";
		};
		45D0DFBE1B03A15C00E78D09 /* Supporting Files */ = {
			isa = PBXGroup;
			children = (
				45D0DFBF1B03A15C00E78D09 /* Info.plist */,
			);
			name = "Supporting Files";
			sourceTree = "<group>";
		};
		45D0DFD31B03A15C00E78D09 /* InfinitweetTests */ = {
			isa = PBXGroup;
			children = (
				45D0DFD61B03A15C00E78D09 /* InfinitweetTests.swift */,
				45D0DFD41B03A15C00E78D09 /* Supporting Files */,
			);
			path = InfinitweetTests;
			sourceTree = "<group>";
		};
		45D0DFD41B03A15C00E78D09 /* Supporting Files */ = {
			isa = PBXGroup;
			children = (
				45D0DFD51B03A15C00E78D09 /* Info.plist */,
			);
			name = "Supporting Files";
			sourceTree = "<group>";
		};
		45D0DFE51B03AB1B00E78D09 /* Infinitweet WatchKit Extension */ = {
			isa = PBXGroup;
			children = (
				45D0DFE81B03AB1B00E78D09 /* InterfaceController.swift */,
				450D640D1B167F76001E0AA5 /* Infinitweet.swift */,
				450D64081B165619001E0AA5 /* AccountsController.swift */,
				450D640B1B1665DA001E0AA5 /* AccountRow.swift */,
				4520F3CF1B543FFA0018BBB0 /* PreviewController.swift */,
				450D640F1B18B831001E0AA5 /* AlertController.swift */,
				45D0DFEA1B03AB1B00E78D09 /* Images.xcassets */,
				45D0DFE61B03AB1B00E78D09 /* Supporting Files */,
			);
			path = "Infinitweet WatchKit Extension";
			sourceTree = "<group>";
		};
		45D0DFE61B03AB1B00E78D09 /* Supporting Files */ = {
			isa = PBXGroup;
			children = (
				45D0DFE71B03AB1B00E78D09 /* Info.plist */,
			);
			name = "Supporting Files";
			sourceTree = "<group>";
		};
		45D0DFF21B03AB1B00E78D09 /* Infinitweet WatchKit App */ = {
			isa = PBXGroup;
			children = (
				45D0DFF51B03AB1B00E78D09 /* Interface.storyboard */,
				45D0DFF81B03AB1B00E78D09 /* Images.xcassets */,
				45D0DFF31B03AB1B00E78D09 /* Supporting Files */,
			);
			path = "Infinitweet WatchKit App";
			sourceTree = "<group>";
		};
		45D0DFF31B03AB1B00E78D09 /* Supporting Files */ = {
			isa = PBXGroup;
			children = (
				45D0DFF41B03AB1B00E78D09 /* Info.plist */,
			);
			name = "Supporting Files";
			sourceTree = "<group>";
		};
/* End PBXGroup section */

/* Begin PBXNativeTarget section */
		45D0DFBA1B03A15C00E78D09 /* Infinitweet */ = {
			isa = PBXNativeTarget;
			buildConfigurationList = 45D0DFDA1B03A15C00E78D09 /* Build configuration list for PBXNativeTarget "Infinitweet" */;
			buildPhases = (
				45D0DFB71B03A15C00E78D09 /* Sources */,
				45D0DFB81B03A15C00E78D09 /* Frameworks */,
				45D0DFB91B03A15C00E78D09 /* Resources */,
				45D0E0031B03AB1B00E78D09 /* Embed App Extensions */,
			);
			buildRules = (
			);
			dependencies = (
				45D0DFFB1B03AB1B00E78D09 /* PBXTargetDependency */,
			);
			name = Infinitweet;
			productName = Infinitweet;
			productReference = 45D0DFBB1B03A15C00E78D09 /* Infinitweet.app */;
			productType = "com.apple.product-type.application";
		};
		45D0DFCF1B03A15C00E78D09 /* InfinitweetTests */ = {
			isa = PBXNativeTarget;
			buildConfigurationList = 45D0DFDD1B03A15C00E78D09 /* Build configuration list for PBXNativeTarget "InfinitweetTests" */;
			buildPhases = (
				45D0DFCC1B03A15C00E78D09 /* Sources */,
				45D0DFCD1B03A15C00E78D09 /* Frameworks */,
				45D0DFCE1B03A15C00E78D09 /* Resources */,
			);
			buildRules = (
			);
			dependencies = (
				45D0DFD21B03A15C00E78D09 /* PBXTargetDependency */,
			);
			name = InfinitweetTests;
			productName = InfinitweetTests;
			productReference = 45D0DFD01B03A15C00E78D09 /* InfinitweetTests.xctest */;
			productType = "com.apple.product-type.bundle.unit-test";
		};
		45D0DFE31B03AB1B00E78D09 /* Infinitweet WatchKit Extension */ = {
			isa = PBXNativeTarget;
			buildConfigurationList = 45D0E0001B03AB1B00E78D09 /* Build configuration list for PBXNativeTarget "Infinitweet WatchKit Extension" */;
			buildPhases = (
				45D0DFE01B03AB1B00E78D09 /* Sources */,
				45D0DFE11B03AB1B00E78D09 /* Frameworks */,
				45D0DFE21B03AB1B00E78D09 /* Resources */,
			);
			buildRules = (
			);
			dependencies = (
				45D0DFF11B03AB1B00E78D09 /* PBXTargetDependency */,
			);
			name = "Infinitweet WatchKit Extension";
			productName = "Infinitweet WatchKit Extension";
			productReference = 45D0DFE41B03AB1B00E78D09 /* Infinitweet WatchKit Extension.appex */;
			productType = "com.apple.product-type.watchkit-extension";
		};
		45D0DFED1B03AB1B00E78D09 /* Infinitweet WatchKit App */ = {
			isa = PBXNativeTarget;
			buildConfigurationList = 45D0DFFD1B03AB1B00E78D09 /* Build configuration list for PBXNativeTarget "Infinitweet WatchKit App" */;
			buildPhases = (
				45D0DFEC1B03AB1B00E78D09 /* Resources */,
			);
			buildRules = (
			);
			dependencies = (
			);
			name = "Infinitweet WatchKit App";
			productName = "Infinitweet WatchKit App";
			productReference = 45D0DFEE1B03AB1B00E78D09 /* Infinitweet WatchKit App.app */;
			productType = "com.apple.product-type.application.watchapp";
		};
/* End PBXNativeTarget section */

/* Begin PBXProject section */
		45D0DFB31B03A15C00E78D09 /* Project object */ = {
			isa = PBXProject;
			attributes = {
				LastSwiftUpdateCheck = 0700;
				LastUpgradeCheck = 0630;
				TargetAttributes = {
					45D0DFBA1B03A15C00E78D09 = {
						CreatedOnToolsVersion = 6.3.1;
					};
					45D0DFCF1B03A15C00E78D09 = {
						CreatedOnToolsVersion = 6.3.1;
						TestTargetID = 45D0DFBA1B03A15C00E78D09;
					};
					45D0DFE31B03AB1B00E78D09 = {
						CreatedOnToolsVersion = 6.3.1;
					};
					45D0DFED1B03AB1B00E78D09 = {
						CreatedOnToolsVersion = 6.3.1;
					};
				};
			};
			buildConfigurationList = 45D0DFB61B03A15C00E78D09 /* Build configuration list for PBXProject "Infinitweet" */;
			compatibilityVersion = "Xcode 3.2";
			developmentRegion = English;
			hasScannedForEncodings = 0;
			knownRegions = (
				en,
				Base,
			);
			mainGroup = 45D0DFB21B03A15C00E78D09;
			productRefGroup = 45D0DFBC1B03A15C00E78D09 /* Products */;
			projectDirPath = "";
			projectRoot = "";
			targets = (
				45D0DFBA1B03A15C00E78D09 /* Infinitweet */,
				45D0DFCF1B03A15C00E78D09 /* InfinitweetTests */,
				45D0DFE31B03AB1B00E78D09 /* Infinitweet WatchKit Extension */,
				45D0DFED1B03AB1B00E78D09 /* Infinitweet WatchKit App */,
			);
		};
/* End PBXProject section */

/* Begin PBXResourcesBuildPhase section */
		45D0DFB91B03A15C00E78D09 /* Resources */ = {
			isa = PBXResourcesBuildPhase;
			buildActionMask = 2147483647;
			files = (
				45D0DFC61B03A15C00E78D09 /* Main.storyboard in Resources */,
				45D0DFCB1B03A15C00E78D09 /* LaunchScreen.xib in Resources */,
				45D0DFC81B03A15C00E78D09 /* Images.xcassets in Resources */,
			);
			runOnlyForDeploymentPostprocessing = 0;
		};
		45D0DFCE1B03A15C00E78D09 /* Resources */ = {
			isa = PBXResourcesBuildPhase;
			buildActionMask = 2147483647;
			files = (
			);
			runOnlyForDeploymentPostprocessing = 0;
		};
		45D0DFE21B03AB1B00E78D09 /* Resources */ = {
			isa = PBXResourcesBuildPhase;
			buildActionMask = 2147483647;
			files = (
				45D0DFEB1B03AB1B00E78D09 /* Images.xcassets in Resources */,
				45D0DFEF1B03AB1B00E78D09 /* Infinitweet WatchKit App.app in Resources */,
			);
			runOnlyForDeploymentPostprocessing = 0;
		};
		45D0DFEC1B03AB1B00E78D09 /* Resources */ = {
			isa = PBXResourcesBuildPhase;
			buildActionMask = 2147483647;
			files = (
				45D0DFF71B03AB1B00E78D09 /* Interface.storyboard in Resources */,
				45D0DFF91B03AB1B00E78D09 /* Images.xcassets in Resources */,
			);
			runOnlyForDeploymentPostprocessing = 0;
		};
/* End PBXResourcesBuildPhase section */

/* Begin PBXSourcesBuildPhase section */
		45D0DFB71B03A15C00E78D09 /* Sources */ = {
			isa = PBXSourcesBuildPhase;
			buildActionMask = 2147483647;
			files = (
				45D0DFC31B03A15C00E78D09 /* ViewController.swift in Sources */,
				45D0DFC11B03A15C00E78D09 /* AppDelegate.swift in Sources */,
			);
			runOnlyForDeploymentPostprocessing = 0;
		};
		45D0DFCC1B03A15C00E78D09 /* Sources */ = {
			isa = PBXSourcesBuildPhase;
			buildActionMask = 2147483647;
			files = (
				45D0DFD71B03A15C00E78D09 /* InfinitweetTests.swift in Sources */,
			);
			runOnlyForDeploymentPostprocessing = 0;
		};
		45D0DFE01B03AB1B00E78D09 /* Sources */ = {
			isa = PBXSourcesBuildPhase;
			buildActionMask = 2147483647;
			files = (
				4520F3D01B543FFA0018BBB0 /* PreviewController.swift in Sources */,
				450D640C1B1665DA001E0AA5 /* AccountRow.swift in Sources */,
				45D0DFE91B03AB1B00E78D09 /* InterfaceController.swift in Sources */,
				450D640E1B167F76001E0AA5 /* Infinitweet.swift in Sources */,
				450D64101B18B831001E0AA5 /* AlertController.swift in Sources */,
				450D64091B165619001E0AA5 /* AccountsController.swift in Sources */,
			);
			runOnlyForDeploymentPostprocessing = 0;
		};
/* End PBXSourcesBuildPhase section */

/* Begin PBXTargetDependency section */
		45D0DFD21B03A15C00E78D09 /* PBXTargetDependency */ = {
			isa = PBXTargetDependency;
			target = 45D0DFBA1B03A15C00E78D09 /* Infinitweet */;
			targetProxy = 45D0DFD11B03A15C00E78D09 /* PBXContainerItemProxy */;
		};
		45D0DFF11B03AB1B00E78D09 /* PBXTargetDependency */ = {
			isa = PBXTargetDependency;
			target = 45D0DFED1B03AB1B00E78D09 /* Infinitweet WatchKit App */;
			targetProxy = 45D0DFF01B03AB1B00E78D09 /* PBXContainerItemProxy */;
		};
		45D0DFFB1B03AB1B00E78D09 /* PBXTargetDependency */ = {
			isa = PBXTargetDependency;
			target = 45D0DFE31B03AB1B00E78D09 /* Infinitweet WatchKit Extension */;
			targetProxy = 45D0DFFA1B03AB1B00E78D09 /* PBXContainerItemProxy */;
		};
/* End PBXTargetDependency section */

/* Begin PBXVariantGroup section */
		45D0DFC41B03A15C00E78D09 /* Main.storyboard */ = {
			isa = PBXVariantGroup;
			children = (
				45D0DFC51B03A15C00E78D09 /* Base */,
			);
			name = Main.storyboard;
			sourceTree = "<group>";
		};
		45D0DFC91B03A15C00E78D09 /* LaunchScreen.xib */ = {
			isa = PBXVariantGroup;
			children = (
				45D0DFCA1B03A15C00E78D09 /* Base */,
			);
			name = LaunchScreen.xib;
			sourceTree = "<group>";
		};
		45D0DFF51B03AB1B00E78D09 /* Interface.storyboard */ = {
			isa = PBXVariantGroup;
			children = (
				45D0DFF61B03AB1B00E78D09 /* Base */,
			);
			name = Interface.storyboard;
			sourceTree = "<group>";
		};
/* End PBXVariantGroup section */

/* Begin XCBuildConfiguration section */
		45D0DFD81B03A15C00E78D09 /* Debug */ = {
			isa = XCBuildConfiguration;
			buildSettings = {
				ALWAYS_SEARCH_USER_PATHS = NO;
				CLANG_CXX_LANGUAGE_STANDARD = "gnu++0x";
				CLANG_CXX_LIBRARY = "libc++";
				CLANG_ENABLE_MODULES = YES;
				CLANG_ENABLE_OBJC_ARC = YES;
				CLANG_WARN_BOOL_CONVERSION = YES;
				CLANG_WARN_CONSTANT_CONVERSION = YES;
				CLANG_WARN_DIRECT_OBJC_ISA_USAGE = YES_ERROR;
				CLANG_WARN_EMPTY_BODY = YES;
				CLANG_WARN_ENUM_CONVERSION = YES;
				CLANG_WARN_INT_CONVERSION = YES;
				CLANG_WARN_OBJC_ROOT_CLASS = YES_ERROR;
				CLANG_WARN_UNREACHABLE_CODE = YES;
				CLANG_WARN__DUPLICATE_METHOD_MATCH = YES;
				"CODE_SIGN_IDENTITY[sdk=iphoneos*]" = "iPhone Developer";
				COPY_PHASE_STRIP = NO;
				DEBUG_INFORMATION_FORMAT = "dwarf-with-dsym";
				ENABLE_STRICT_OBJC_MSGSEND = YES;
				GCC_C_LANGUAGE_STANDARD = gnu99;
				GCC_DYNAMIC_NO_PIC = NO;
				GCC_NO_COMMON_BLOCKS = YES;
				GCC_OPTIMIZATION_LEVEL = 0;
				GCC_PREPROCESSOR_DEFINITIONS = (
					"DEBUG=1",
					"$(inherited)",
				);
				GCC_SYMBOLS_PRIVATE_EXTERN = NO;
				GCC_WARN_64_TO_32_BIT_CONVERSION = YES;
				GCC_WARN_ABOUT_RETURN_TYPE = YES_ERROR;
				GCC_WARN_UNDECLARED_SELECTOR = YES;
				GCC_WARN_UNINITIALIZED_AUTOS = YES_AGGRESSIVE;
				GCC_WARN_UNUSED_FUNCTION = YES;
				GCC_WARN_UNUSED_VARIABLE = YES;
				IPHONEOS_DEPLOYMENT_TARGET = 8.3;
				MTL_ENABLE_DEBUG_INFO = YES;
				ONLY_ACTIVE_ARCH = YES;
				SDKROOT = iphoneos;
				SWIFT_OPTIMIZATION_LEVEL = "-Onone";
			};
			name = Debug;
		};
		45D0DFD91B03A15C00E78D09 /* Release */ = {
			isa = XCBuildConfiguration;
			buildSettings = {
				ALWAYS_SEARCH_USER_PATHS = NO;
				CLANG_CXX_LANGUAGE_STANDARD = "gnu++0x";
				CLANG_CXX_LIBRARY = "libc++";
				CLANG_ENABLE_MODULES = YES;
				CLANG_ENABLE_OBJC_ARC = YES;
				CLANG_WARN_BOOL_CONVERSION = YES;
				CLANG_WARN_CONSTANT_CONVERSION = YES;
				CLANG_WARN_DIRECT_OBJC_ISA_USAGE = YES_ERROR;
				CLANG_WARN_EMPTY_BODY = YES;
				CLANG_WARN_ENUM_CONVERSION = YES;
				CLANG_WARN_INT_CONVERSION = YES;
				CLANG_WARN_OBJC_ROOT_CLASS = YES_ERROR;
				CLANG_WARN_UNREACHABLE_CODE = YES;
				CLANG_WARN__DUPLICATE_METHOD_MATCH = YES;
				"CODE_SIGN_IDENTITY[sdk=iphoneos*]" = "iPhone Developer";
				COPY_PHASE_STRIP = NO;
				DEBUG_INFORMATION_FORMAT = "dwarf-with-dsym";
				ENABLE_NS_ASSERTIONS = NO;
				ENABLE_STRICT_OBJC_MSGSEND = YES;
				GCC_C_LANGUAGE_STANDARD = gnu99;
				GCC_NO_COMMON_BLOCKS = YES;
				GCC_WARN_64_TO_32_BIT_CONVERSION = YES;
				GCC_WARN_ABOUT_RETURN_TYPE = YES_ERROR;
				GCC_WARN_UNDECLARED_SELECTOR = YES;
				GCC_WARN_UNINITIALIZED_AUTOS = YES_AGGRESSIVE;
				GCC_WARN_UNUSED_FUNCTION = YES;
				GCC_WARN_UNUSED_VARIABLE = YES;
				IPHONEOS_DEPLOYMENT_TARGET = 8.3;
				MTL_ENABLE_DEBUG_INFO = NO;
				SDKROOT = iphoneos;
				VALIDATE_PRODUCT = YES;
			};
			name = Release;
		};
		45D0DFDB1B03A15C00E78D09 /* Debug */ = {
			isa = XCBuildConfiguration;
			buildSettings = {
				ASSETCATALOG_COMPILER_APPICON_NAME = AppIcon;
				INFOPLIST_FILE = Infinitweet/Info.plist;
				LD_RUNPATH_SEARCH_PATHS = "$(inherited) @executable_path/Frameworks";
				PRODUCT_NAME = "$(TARGET_NAME)";
			};
			name = Debug;
		};
		45D0DFDC1B03A15C00E78D09 /* Release */ = {
			isa = XCBuildConfiguration;
			buildSettings = {
				ASSETCATALOG_COMPILER_APPICON_NAME = AppIcon;
				INFOPLIST_FILE = Infinitweet/Info.plist;
				LD_RUNPATH_SEARCH_PATHS = "$(inherited) @executable_path/Frameworks";
				PRODUCT_NAME = "$(TARGET_NAME)";
			};
			name = Release;
		};
		45D0DFDE1B03A15C00E78D09 /* Debug */ = {
			isa = XCBuildConfiguration;
			buildSettings = {
				BUNDLE_LOADER = "$(TEST_HOST)";
				FRAMEWORK_SEARCH_PATHS = (
					"$(SDKROOT)/Developer/Library/Frameworks",
					"$(inherited)",
				);
				GCC_PREPROCESSOR_DEFINITIONS = (
					"DEBUG=1",
					"$(inherited)",
				);
				INFOPLIST_FILE = InfinitweetTests/Info.plist;
				LD_RUNPATH_SEARCH_PATHS = "$(inherited) @executable_path/Frameworks @loader_path/Frameworks";
				PRODUCT_NAME = "$(TARGET_NAME)";
				TEST_HOST = "$(BUILT_PRODUCTS_DIR)/Infinitweet.app/Infinitweet";
			};
			name = Debug;
		};
		45D0DFDF1B03A15C00E78D09 /* Release */ = {
			isa = XCBuildConfiguration;
			buildSettings = {
				BUNDLE_LOADER = "$(TEST_HOST)";
				FRAMEWORK_SEARCH_PATHS = (
					"$(SDKROOT)/Developer/Library/Frameworks",
					"$(inherited)",
				);
				INFOPLIST_FILE = InfinitweetTests/Info.plist;
				LD_RUNPATH_SEARCH_PATHS = "$(inherited) @executable_path/Frameworks @loader_path/Frameworks";
				PRODUCT_NAME = "$(TARGET_NAME)";
				TEST_HOST = "$(BUILT_PRODUCTS_DIR)/Infinitweet.app/Infinitweet";
			};
			name = Release;
		};
		45D0DFFE1B03AB1B00E78D09 /* Debug */ = {
			isa = XCBuildConfiguration;
			buildSettings = {
				ASSETCATALOG_COMPILER_APPICON_NAME = AppIcon;
				GCC_PREPROCESSOR_DEFINITIONS = (
					"DEBUG=1",
					"$(inherited)",
				);
				IBSC_MODULE = Infinitweet_WatchKit_Extension;
				INFOPLIST_FILE = "Infinitweet WatchKit App/Info.plist";
				IPHONEOS_DEPLOYMENT_TARGET = 8.2;
				PRODUCT_NAME = "$(TARGET_NAME)";
				SKIP_INSTALL = YES;
				TARGETED_DEVICE_FAMILY = 4;
				"TARGETED_DEVICE_FAMILY[sdk=iphonesimulator*]" = "1,4";
			};
			name = Debug;
		};
		45D0DFFF1B03AB1B00E78D09 /* Release */ = {
			isa = XCBuildConfiguration;
			buildSettings = {
				ASSETCATALOG_COMPILER_APPICON_NAME = AppIcon;
				IBSC_MODULE = Infinitweet_WatchKit_Extension;
				INFOPLIST_FILE = "Infinitweet WatchKit App/Info.plist";
				IPHONEOS_DEPLOYMENT_TARGET = 8.2;
				PRODUCT_NAME = "$(TARGET_NAME)";
				SKIP_INSTALL = YES;
				TARGETED_DEVICE_FAMILY = 4;
				"TARGETED_DEVICE_FAMILY[sdk=iphonesimulator*]" = "1,4";
			};
			name = Release;
		};
		45D0E0011B03AB1B00E78D09 /* Debug */ = {
			isa = XCBuildConfiguration;
			buildSettings = {
				GCC_PREPROCESSOR_DEFINITIONS = (
					"DEBUG=1",
					"$(inherited)",
				);
				INFOPLIST_FILE = "Infinitweet WatchKit Extension/Info.plist";
				LD_RUNPATH_SEARCH_PATHS = "$(inherited) @executable_path/Frameworks @executable_path/../../Frameworks";
				PRODUCT_NAME = "${TARGET_NAME}";
				SKIP_INSTALL = YES;
			};
			name = Debug;
		};
		45D0E0021B03AB1B00E78D09 /* Release */ = {
			isa = XCBuildConfiguration;
			buildSettings = {
				INFOPLIST_FILE = "Infinitweet WatchKit Extension/Info.plist";
				LD_RUNPATH_SEARCH_PATHS = "$(inherited) @executable_path/Frameworks @executable_path/../../Frameworks";
				PRODUCT_NAME = "${TARGET_NAME}";
				SKIP_INSTALL = YES;
			};
			name = Release;
		};
/* End XCBuildConfiguration section */

/* Begin XCConfigurationList section */
		45D0DFB61B03A15C00E78D09 /* Build configuration list for PBXProject "Infinitweet" */ = {
			isa = XCConfigurationList;
			buildConfigurations = (
				45D0DFD81B03A15C00E78D09 /* Debug */,
				45D0DFD91B03A15C00E78D09 /* Release */,
			);
			defaultConfigurationIsVisible = 0;
			defaultConfigurationName = Release;
		};
		45D0DFDA1B03A15C00E78D09 /* Build configuration list for PBXNativeTarget "Infinitweet" */ = {
			isa = XCConfigurationList;
			buildConfigurations = (
				45D0DFDB1B03A15C00E78D09 /* Debug */,
				45D0DFDC1B03A15C00E78D09 /* Release */,
			);
			defaultConfigurationIsVisible = 0;
			defaultConfigurationName = Release;
		};
		45D0DFDD1B03A15C00E78D09 /* Build configuration list for PBXNativeTarget "InfinitweetTests" */ = {
			isa = XCConfigurationList;
			buildConfigurations = (
				45D0DFDE1B03A15C00E78D09 /* Debug */,
				45D0DFDF1B03A15C00E78D09 /* Release */,
			);
			defaultConfigurationIsVisible = 0;
			defaultConfigurationName = Release;
		};
		45D0DFFD1B03AB1B00E78D09 /* Build configuration list for PBXNativeTarget "Infinitweet WatchKit App" */ = {
			isa = XCConfigurationList;
			buildConfigurations = (
				45D0DFFE1B03AB1B00E78D09 /* Debug */,
				45D0DFFF1B03AB1B00E78D09 /* Release */,
			);
			defaultConfigurationIsVisible = 0;
			defaultConfigurationName = Release;
		};
		45D0E0001B03AB1B00E78D09 /* Build configuration list for PBXNativeTarget "Infinitweet WatchKit Extension" */ = {
			isa = XCConfigurationList;
			buildConfigurations = (
				45D0E0011B03AB1B00E78D09 /* Debug */,
				45D0E0021B03AB1B00E78D09 /* Release */,
			);
			defaultConfigurationIsVisible = 0;
			defaultConfigurationName = Release;
		};
/* End XCConfigurationList section */
	};
	rootObject = 45D0DFB31B03A15C00E78D09 /* Project object */;
}
